// !$*UTF8*$!
{
	archiveVersion = 1;
	classes = {
	};
	objectVersion = 51;
	objects = {

/* Begin PBXBuildFile section */
		9D2CCDD62364993D00806A19 /* AppDelegate.swift in Sources */ = {isa = PBXBuildFile; fileRef = 9D2CCDD52364993D00806A19 /* AppDelegate.swift */; };
		9D2CCDD82364993D00806A19 /* SceneDelegate.swift in Sources */ = {isa = PBXBuildFile; fileRef = 9D2CCDD72364993D00806A19 /* SceneDelegate.swift */; };
		9D2CCDDA2364993D00806A19 /* LibraryViewController.swift in Sources */ = {isa = PBXBuildFile; fileRef = 9D2CCDD92364993D00806A19 /* LibraryViewController.swift */; };
		9D2CCDDD2364993D00806A19 /* Main.storyboard in Resources */ = {isa = PBXBuildFile; fileRef = 9D2CCDDB2364993D00806A19 /* Main.storyboard */; };
		9D2CCDDF2364993F00806A19 /* Assets.xcassets in Resources */ = {isa = PBXBuildFile; fileRef = 9D2CCDDE2364993F00806A19 /* Assets.xcassets */; };
		9D2CCDE22364993F00806A19 /* LaunchScreen.storyboard in Resources */ = {isa = PBXBuildFile; fileRef = 9D2CCDE02364993F00806A19 /* LaunchScreen.storyboard */; };
		9D2CCDEE2364B6DB00806A19 /* BookModel.swift in Sources */ = {isa = PBXBuildFile; fileRef = 9D2CCDED2364B6DB00806A19 /* BookModel.swift */; };
		9D2CCDF02364BDE000806A19 /* BookGridCell.swift in Sources */ = {isa = PBXBuildFile; fileRef = 9D2CCDEF2364BDE000806A19 /* BookGridCell.swift */; };
		9D2CCDF32365FEEB00806A19 /* BookManager.swift in Sources */ = {isa = PBXBuildFile; fileRef = 9D2CCDF22365FEEB00806A19 /* BookManager.swift */; };
		9D2CCDF52365FF8000806A19 /* Endpoint.swift in Sources */ = {isa = PBXBuildFile; fileRef = 9D2CCDF42365FF8000806A19 /* Endpoint.swift */; };
		9D2CCDF72366028900806A19 /* FavViewController.swift in Sources */ = {isa = PBXBuildFile; fileRef = 9D2CCDF62366028900806A19 /* FavViewController.swift */; };
		9D2CCDF92366039C00806A19 /* DetailViewController.swift in Sources */ = {isa = PBXBuildFile; fileRef = 9D2CCDF82366039C00806A19 /* DetailViewController.swift */; };
		9D2CCDFD2366135C00806A19 /* GoogleBooks.xcdatamodeld in Sources */ = {isa = PBXBuildFile; fileRef = 9D2CCDFB2366135C00806A19 /* GoogleBooks.xcdatamodeld */; };
		F3F8DAF7DF34839342E8348E /* Pods_GoogleBooks.framework in Frameworks */ = {isa = PBXBuildFile; fileRef = EA3E8421CADF881FB249A9B4 /* Pods_GoogleBooks.framework */; };
/* End PBXBuildFile section */

/* Begin PBXFileReference section */
		0A223BC0F9AD18C93B44E94D /* Pods-GoogleBooks.debug.xcconfig */ = {isa = PBXFileReference; includeInIndex = 1; lastKnownFileType = text.xcconfig; name = "Pods-GoogleBooks.debug.xcconfig"; path = "Target Support Files/Pods-GoogleBooks/Pods-GoogleBooks.debug.xcconfig"; sourceTree = "<group>"; };
		9D2CCDD22364993D00806A19 /* GoogleBooks.app */ = {isa = PBXFileReference; explicitFileType = wrapper.application; includeInIndex = 0; path = GoogleBooks.app; sourceTree = BUILT_PRODUCTS_DIR; };
		9D2CCDD52364993D00806A19 /* AppDelegate.swift */ = {isa = PBXFileReference; lastKnownFileType = sourcecode.swift; path = AppDelegate.swift; sourceTree = "<group>"; };
		9D2CCDD72364993D00806A19 /* SceneDelegate.swift */ = {isa = PBXFileReference; lastKnownFileType = sourcecode.swift; path = SceneDelegate.swift; sourceTree = "<group>"; };
		9D2CCDD92364993D00806A19 /* LibraryViewController.swift */ = {isa = PBXFileReference; lastKnownFileType = sourcecode.swift; path = LibraryViewController.swift; sourceTree = "<group>"; };
		9D2CCDDC2364993D00806A19 /* Base */ = {isa = PBXFileReference; lastKnownFileType = file.storyboard; name = Base; path = Base.lproj/Main.storyboard; sourceTree = "<group>"; };
		9D2CCDDE2364993F00806A19 /* Assets.xcassets */ = {isa = PBXFileReference; lastKnownFileType = folder.assetcatalog; path = Assets.xcassets; sourceTree = "<group>"; };
		9D2CCDE12364993F00806A19 /* Base */ = {isa = PBXFileReference; lastKnownFileType = file.storyboard; name = Base; path = Base.lproj/LaunchScreen.storyboard; sourceTree = "<group>"; };
		9D2CCDE32364993F00806A19 /* Info.plist */ = {isa = PBXFileReference; lastKnownFileType = text.plist.xml; path = Info.plist; sourceTree = "<group>"; };
		9D2CCDED2364B6DB00806A19 /* BookModel.swift */ = {isa = PBXFileReference; lastKnownFileType = sourcecode.swift; path = BookModel.swift; sourceTree = "<group>"; };
		9D2CCDEF2364BDE000806A19 /* BookGridCell.swift */ = {isa = PBXFileReference; lastKnownFileType = sourcecode.swift; path = BookGridCell.swift; sourceTree = "<group>"; };
		9D2CCDF22365FEEB00806A19 /* BookManager.swift */ = {isa = PBXFileReference; lastKnownFileType = sourcecode.swift; path = BookManager.swift; sourceTree = "<group>"; };
		9D2CCDF42365FF8000806A19 /* Endpoint.swift */ = {isa = PBXFileReference; lastKnownFileType = sourcecode.swift; path = Endpoint.swift; sourceTree = "<group>"; };
		9D2CCDF62366028900806A19 /* FavViewController.swift */ = {isa = PBXFileReference; lastKnownFileType = sourcecode.swift; path = FavViewController.swift; sourceTree = "<group>"; };
		9D2CCDF82366039C00806A19 /* DetailViewController.swift */ = {isa = PBXFileReference; lastKnownFileType = sourcecode.swift; path = DetailViewController.swift; sourceTree = "<group>"; };
		9D2CCDFC2366135C00806A19 /* GoogleBooks.xcdatamodel */ = {isa = PBXFileReference; lastKnownFileType = wrapper.xcdatamodel; path = GoogleBooks.xcdatamodel; sourceTree = "<group>"; };
		DAEBA1C8957285F07B903CC3 /* Pods-GoogleBooks.release.xcconfig */ = {isa = PBXFileReference; includeInIndex = 1; lastKnownFileType = text.xcconfig; name = "Pods-GoogleBooks.release.xcconfig"; path = "Target Support Files/Pods-GoogleBooks/Pods-GoogleBooks.release.xcconfig"; sourceTree = "<group>"; };
		EA3E8421CADF881FB249A9B4 /* Pods_GoogleBooks.framework */ = {isa = PBXFileReference; explicitFileType = wrapper.framework; includeInIndex = 0; path = Pods_GoogleBooks.framework; sourceTree = BUILT_PRODUCTS_DIR; };
/* End PBXFileReference section */

/* Begin PBXFrameworksBuildPhase section */
		9D2CCDCF2364993D00806A19 /* Frameworks */ = {
			isa = PBXFrameworksBuildPhase;
			buildActionMask = 2147483647;
			files = (
				F3F8DAF7DF34839342E8348E /* Pods_GoogleBooks.framework in Frameworks */,
			);
			runOnlyForDeploymentPostprocessing = 0;
		};
/* End PBXFrameworksBuildPhase section */

/* Begin PBXGroup section */
		3838806D1B675CB371ECF48F /* Pods */ = {
			isa = PBXGroup;
			children = (
				0A223BC0F9AD18C93B44E94D /* Pods-GoogleBooks.debug.xcconfig */,
				DAEBA1C8957285F07B903CC3 /* Pods-GoogleBooks.release.xcconfig */,
			);
			path = Pods;
			sourceTree = "<group>";
		};
		9D2CCDC92364993D00806A19 = {
			isa = PBXGroup;
			children = (
				9D2CCDD42364993D00806A19 /* GoogleBooks */,
				9D2CCDD32364993D00806A19 /* Products */,
				3838806D1B675CB371ECF48F /* Pods */,
				CF5373AD1B86D1FBF5E983B8 /* Frameworks */,
			);
			sourceTree = "<group>";
		};
		9D2CCDD32364993D00806A19 /* Products */ = {
			isa = PBXGroup;
			children = (
				9D2CCDD22364993D00806A19 /* GoogleBooks.app */,
			);
			name = Products;
			sourceTree = "<group>";
		};
		9D2CCDD42364993D00806A19 /* GoogleBooks */ = {
			isa = PBXGroup;
			children = (
				9D2CCDD52364993D00806A19 /* AppDelegate.swift */,
				9D2CCDD72364993D00806A19 /* SceneDelegate.swift */,
				9D2CCDE92364A09200806A19 /* Model */,
				9D2CCDEA2364A09A00806A19 /* View */,
				9D2CCDEB2364A0A800806A19 /* ViewModel */,
				9D2CCDEC2364A0C900806A19 /* Storyboard */,
				9D2CCDF12365F9FA00806A19 /* Service */,
				9D2CCDDE2364993F00806A19 /* Assets.xcassets */,
				9D2CCDE32364993F00806A19 /* Info.plist */,
			);
			path = GoogleBooks;
			sourceTree = "<group>";
		};
		9D2CCDE92364A09200806A19 /* Model */ = {
			isa = PBXGroup;
			children = (
				9D2CCDED2364B6DB00806A19 /* BookModel.swift */,
				9D2CCDFB2366135C00806A19 /* GoogleBooks.xcdatamodeld */,
			);
			path = Model;
			sourceTree = "<group>";
		};
		9D2CCDEA2364A09A00806A19 /* View */ = {
			isa = PBXGroup;
			children = (
				9D2CCDD92364993D00806A19 /* LibraryViewController.swift */,
				9D2CCDEF2364BDE000806A19 /* BookGridCell.swift */,
				9D2CCDF62366028900806A19 /* FavViewController.swift */,
				9D2CCDF82366039C00806A19 /* DetailViewController.swift */,
			);
			path = View;
			sourceTree = "<group>";
		};
		9D2CCDEB2364A0A800806A19 /* ViewModel */ = {
			isa = PBXGroup;
			children = (
			);
			path = ViewModel;
			sourceTree = "<group>";
		};
		9D2CCDEC2364A0C900806A19 /* Storyboard */ = {
			isa = PBXGroup;
			children = (
				9D2CCDDB2364993D00806A19 /* Main.storyboard */,
				9D2CCDE02364993F00806A19 /* LaunchScreen.storyboard */,
			);
			path = Storyboard;
			sourceTree = "<group>";
		};
		9D2CCDF12365F9FA00806A19 /* Service */ = {
			isa = PBXGroup;
			children = (
				9D2CCDF22365FEEB00806A19 /* BookManager.swift */,
				9D2CCDF42365FF8000806A19 /* Endpoint.swift */,
			);
			name = Service;
			path = ..;
			sourceTree = "<group>";
		};
		CF5373AD1B86D1FBF5E983B8 /* Frameworks */ = {
			isa = PBXGroup;
			children = (
				EA3E8421CADF881FB249A9B4 /* Pods_GoogleBooks.framework */,
			);
			name = Frameworks;
			sourceTree = "<group>";
		};
/* End PBXGroup section */

/* Begin PBXNativeTarget section */
		9D2CCDD12364993D00806A19 /* GoogleBooks */ = {
			isa = PBXNativeTarget;
			buildConfigurationList = 9D2CCDE62364993F00806A19 /* Build configuration list for PBXNativeTarget "GoogleBooks" */;
			buildPhases = (
				2E5DF0C95059AA650D9BF657 /* [CP] Check Pods Manifest.lock */,
				9D2CCDCE2364993D00806A19 /* Sources */,
				9D2CCDCF2364993D00806A19 /* Frameworks */,
				9D2CCDD02364993D00806A19 /* Resources */,
				6F2F6E179F8C51838A0F4F36 /* [CP] Embed Pods Frameworks */,
			);
			buildRules = (
			);
			dependencies = (
			);
			name = GoogleBooks;
			productName = GoogleBooks;
			productReference = 9D2CCDD22364993D00806A19 /* GoogleBooks.app */;
			productType = "com.apple.product-type.application";
		};
/* End PBXNativeTarget section */

/* Begin PBXProject section */
		9D2CCDCA2364993D00806A19 /* Project object */ = {
			isa = PBXProject;
			attributes = {
				LastSwiftUpdateCheck = 1110;
				LastUpgradeCheck = 1110;
				ORGANIZATIONNAME = "Mobile Apps Company";
				TargetAttributes = {
					9D2CCDD12364993D00806A19 = {
						CreatedOnToolsVersion = 11.1;
					};
				};
			};
			buildConfigurationList = 9D2CCDCD2364993D00806A19 /* Build configuration list for PBXProject "GoogleBooks" */;
			compatibilityVersion = "Xcode 9.3";
			developmentRegion = en;
			hasScannedForEncodings = 0;
			knownRegions = (
				en,
				Base,
			);
			mainGroup = 9D2CCDC92364993D00806A19;
			productRefGroup = 9D2CCDD32364993D00806A19 /* Products */;
			projectDirPath = "";
			projectRoot = "";
			targets = (
				9D2CCDD12364993D00806A19 /* GoogleBooks */,
			);
		};
/* End PBXProject section */

/* Begin PBXResourcesBuildPhase section */
		9D2CCDD02364993D00806A19 /* Resources */ = {
			isa = PBXResourcesBuildPhase;
			buildActionMask = 2147483647;
			files = (
				9D2CCDE22364993F00806A19 /* LaunchScreen.storyboard in Resources */,
				9D2CCDDF2364993F00806A19 /* Assets.xcassets in Resources */,
				9D2CCDDD2364993D00806A19 /* Main.storyboard in Resources */,
			);
			runOnlyForDeploymentPostprocessing = 0;
		};
/* End PBXResourcesBuildPhase section */

/* Begin PBXShellScriptBuildPhase section */
		2E5DF0C95059AA650D9BF657 /* [CP] Check Pods Manifest.lock */ = {
			isa = PBXShellScriptBuildPhase;
			buildActionMask = 2147483647;
			files = (
			);
			inputFileListPaths = (
			);
			inputPaths = (
				"${PODS_PODFILE_DIR_PATH}/Podfile.lock",
				"${PODS_ROOT}/Manifest.lock",
			);
			name = "[CP] Check Pods Manifest.lock";
			outputFileListPaths = (
			);
			outputPaths = (
				"$(DERIVED_FILE_DIR)/Pods-GoogleBooks-checkManifestLockResult.txt",
			);
			runOnlyForDeploymentPostprocessing = 0;
			shellPath = /bin/sh;
			shellScript = "diff \"${PODS_PODFILE_DIR_PATH}/Podfile.lock\" \"${PODS_ROOT}/Manifest.lock\" > /dev/null\nif [ $? != 0 ] ; then\n    # print error to STDERR\n    echo \"error: The sandbox is not in sync with the Podfile.lock. Run 'pod install' or update your CocoaPods installation.\" >&2\n    exit 1\nfi\n# This output is used by Xcode 'outputs' to avoid re-running this script phase.\necho \"SUCCESS\" > \"${SCRIPT_OUTPUT_FILE_0}\"\n";
			showEnvVarsInLog = 0;
		};
		6F2F6E179F8C51838A0F4F36 /* [CP] Embed Pods Frameworks */ = {
			isa = PBXShellScriptBuildPhase;
			buildActionMask = 2147483647;
			files = (
			);
			inputFileListPaths = (
				"${PODS_ROOT}/Target Support Files/Pods-GoogleBooks/Pods-GoogleBooks-frameworks-${CONFIGURATION}-input-files.xcfilelist",
			);
			name = "[CP] Embed Pods Frameworks";
			outputFileListPaths = (
				"${PODS_ROOT}/Target Support Files/Pods-GoogleBooks/Pods-GoogleBooks-frameworks-${CONFIGURATION}-output-files.xcfilelist",
			);
			runOnlyForDeploymentPostprocessing = 0;
			shellPath = /bin/sh;
			shellScript = "\"${PODS_ROOT}/Target Support Files/Pods-GoogleBooks/Pods-GoogleBooks-frameworks.sh\"\n";
			showEnvVarsInLog = 0;
		};
/* End PBXShellScriptBuildPhase section */

/* Begin PBXSourcesBuildPhase section */
		9D2CCDCE2364993D00806A19 /* Sources */ = {
			isa = PBXSourcesBuildPhase;
			buildActionMask = 2147483647;
			files = (
				9D2CCDF92366039C00806A19 /* DetailViewController.swift in Sources */,
				9D2CCDF52365FF8000806A19 /* Endpoint.swift in Sources */,
				9D2CCDDA2364993D00806A19 /* LibraryViewController.swift in Sources */,
				9D2CCDF32365FEEB00806A19 /* BookManager.swift in Sources */,
				9D2CCDD62364993D00806A19 /* AppDelegate.swift in Sources */,
				9D2CCDF02364BDE000806A19 /* BookGridCell.swift in Sources */,
				9D2CCDEE2364B6DB00806A19 /* BookModel.swift in Sources */,
				9D2CCDF72366028900806A19 /* FavViewController.swift in Sources */,
				9D2CCDD82364993D00806A19 /* SceneDelegate.swift in Sources */,
				9D2CCDFD2366135C00806A19 /* GoogleBooks.xcdatamodeld in Sources */,
			);
			runOnlyForDeploymentPostprocessing = 0;
		};
/* End PBXSourcesBuildPhase section */

/* Begin PBXVariantGroup section */
		9D2CCDDB2364993D00806A19 /* Main.storyboard */ = {
			isa = PBXVariantGroup;
			children = (
				9D2CCDDC2364993D00806A19 /* Base */,
			);
			name = Main.storyboard;
			sourceTree = "<group>";
		};
		9D2CCDE02364993F00806A19 /* LaunchScreen.storyboard */ = {
			isa = PBXVariantGroup;
			children = (
				9D2CCDE12364993F00806A19 /* Base */,
			);
			name = LaunchScreen.storyboard;
			sourceTree = "<group>";
		};
/* End PBXVariantGroup section */

/* Begin XCBuildConfiguration section */
		9D2CCDE42364993F00806A19 /* Debug */ = {
			isa = XCBuildConfiguration;
			buildSettings = {
				ALWAYS_SEARCH_USER_PATHS = NO;
				CLANG_ANALYZER_NONNULL = YES;
				CLANG_ANALYZER_NUMBER_OBJECT_CONVERSION = YES_AGGRESSIVE;
				CLANG_CXX_LANGUAGE_STANDARD = "gnu++14";
				CLANG_CXX_LIBRARY = "libc++";
				CLANG_ENABLE_MODULES = YES;
				CLANG_ENABLE_OBJC_ARC = YES;
				CLANG_ENABLE_OBJC_WEAK = YES;
				CLANG_WARN_BLOCK_CAPTURE_AUTORELEASING = YES;
				CLANG_WARN_BOOL_CONVERSION = YES;
				CLANG_WARN_COMMA = YES;
				CLANG_WARN_CONSTANT_CONVERSION = YES;
				CLANG_WARN_DEPRECATED_OBJC_IMPLEMENTATIONS = YES;
				CLANG_WARN_DIRECT_OBJC_ISA_USAGE = YES_ERROR;
				CLANG_WARN_DOCUMENTATION_COMMENTS = YES;
				CLANG_WARN_EMPTY_BODY = YES;
				CLANG_WARN_ENUM_CONVERSION = YES;
				CLANG_WARN_INFINITE_RECURSION = YES;
				CLANG_WARN_INT_CONVERSION = YES;
				CLANG_WARN_NON_LITERAL_NULL_CONVERSION = YES;
				CLANG_WARN_OBJC_IMPLICIT_RETAIN_SELF = YES;
				CLANG_WARN_OBJC_LITERAL_CONVERSION = YES;
				CLANG_WARN_OBJC_ROOT_CLASS = YES_ERROR;
				CLANG_WARN_RANGE_LOOP_ANALYSIS = YES;
				CLANG_WARN_STRICT_PROTOTYPES = YES;
				CLANG_WARN_SUSPICIOUS_MOVE = YES;
				CLANG_WARN_UNGUARDED_AVAILABILITY = YES_AGGRESSIVE;
				CLANG_WARN_UNREACHABLE_CODE = YES;
				CLANG_WARN__DUPLICATE_METHOD_MATCH = YES;
				COPY_PHASE_STRIP = NO;
				DEBUG_INFORMATION_FORMAT = dwarf;
				ENABLE_STRICT_OBJC_MSGSEND = YES;
				ENABLE_TESTABILITY = YES;
				GCC_C_LANGUAGE_STANDARD = gnu11;
				GCC_DYNAMIC_NO_PIC = NO;
				GCC_NO_COMMON_BLOCKS = YES;
				GCC_OPTIMIZATION_LEVEL = 0;
				GCC_PREPROCESSOR_DEFINITIONS = (
					"DEBUG=1",
					"$(inherited)",
				);
				GCC_WARN_64_TO_32_BIT_CONVERSION = YES;
				GCC_WARN_ABOUT_RETURN_TYPE = YES_ERROR;
				GCC_WARN_UNDECLARED_SELECTOR = YES;
				GCC_WARN_UNINITIALIZED_AUTOS = YES_AGGRESSIVE;
				GCC_WARN_UNUSED_FUNCTION = YES;
				GCC_WARN_UNUSED_VARIABLE = YES;
				IPHONEOS_DEPLOYMENT_TARGET = 13.1;
				MTL_ENABLE_DEBUG_INFO = INCLUDE_SOURCE;
				MTL_FAST_MATH = YES;
				ONLY_ACTIVE_ARCH = YES;
				SDKROOT = iphoneos;
				SWIFT_ACTIVE_COMPILATION_CONDITIONS = DEBUG;
				SWIFT_OPTIMIZATION_LEVEL = "-Onone";
			};
			name = Debug;
		};
		9D2CCDE52364993F00806A19 /* Release */ = {
			isa = XCBuildConfiguration;
			buildSettings = {
				ALWAYS_SEARCH_USER_PATHS = NO;
				CLANG_ANALYZER_NONNULL = YES;
				CLANG_ANALYZER_NUMBER_OBJECT_CONVERSION = YES_AGGRESSIVE;
				CLANG_CXX_LANGUAGE_STANDARD = "gnu++14";
				CLANG_CXX_LIBRARY = "libc++";
				CLANG_ENABLE_MODULES = YES;
				CLANG_ENABLE_OBJC_ARC = YES;
				CLANG_ENABLE_OBJC_WEAK = YES;
				CLANG_WARN_BLOCK_CAPTURE_AUTORELEASING = YES;
				CLANG_WARN_BOOL_CONVERSION = YES;
				CLANG_WARN_COMMA = YES;
				CLANG_WARN_CONSTANT_CONVERSION = YES;
				CLANG_WARN_DEPRECATED_OBJC_IMPLEMENTATIONS = YES;
				CLANG_WARN_DIRECT_OBJC_ISA_USAGE = YES_ERROR;
				CLANG_WARN_DOCUMENTATION_COMMENTS = YES;
				CLANG_WARN_EMPTY_BODY = YES;
				CLANG_WARN_ENUM_CONVERSION = YES;
				CLANG_WARN_INFINITE_RECURSION = YES;
				CLANG_WARN_INT_CONVERSION = YES;
				CLANG_WARN_NON_LITERAL_NULL_CONVERSION = YES;
				CLANG_WARN_OBJC_IMPLICIT_RETAIN_SELF = YES;
				CLANG_WARN_OBJC_LITERAL_CONVERSION = YES;
				CLANG_WARN_OBJC_ROOT_CLASS = YES_ERROR;
				CLANG_WARN_RANGE_LOOP_ANALYSIS = YES;
				CLANG_WARN_STRICT_PROTOTYPES = YES;
				CLANG_WARN_SUSPICIOUS_MOVE = YES;
				CLANG_WARN_UNGUARDED_AVAILABILITY = YES_AGGRESSIVE;
				CLANG_WARN_UNREACHABLE_CODE = YES;
				CLANG_WARN__DUPLICATE_METHOD_MATCH = YES;
				COPY_PHASE_STRIP = NO;
				DEBUG_INFORMATION_FORMAT = "dwarf-with-dsym";
				ENABLE_NS_ASSERTIONS = NO;
				ENABLE_STRICT_OBJC_MSGSEND = YES;
				GCC_C_LANGUAGE_STANDARD = gnu11;
				GCC_NO_COMMON_BLOCKS = YES;
				GCC_WARN_64_TO_32_BIT_CONVERSION = YES;
				GCC_WARN_ABOUT_RETURN_TYPE = YES_ERROR;
				GCC_WARN_UNDECLARED_SELECTOR = YES;
				GCC_WARN_UNINITIALIZED_AUTOS = YES_AGGRESSIVE;
				GCC_WARN_UNUSED_FUNCTION = YES;
				GCC_WARN_UNUSED_VARIABLE = YES;
				IPHONEOS_DEPLOYMENT_TARGET = 13.1;
				MTL_ENABLE_DEBUG_INFO = NO;
				MTL_FAST_MATH = YES;
				SDKROOT = iphoneos;
				SWIFT_COMPILATION_MODE = wholemodule;
				SWIFT_OPTIMIZATION_LEVEL = "-O";
				VALIDATE_PRODUCT = YES;
			};
			name = Release;
		};
		9D2CCDE72364993F00806A19 /* Debug */ = {
			isa = XCBuildConfiguration;
			baseConfigurationReference = 0A223BC0F9AD18C93B44E94D /* Pods-GoogleBooks.debug.xcconfig */;
			buildSettings = {
				ASSETCATALOG_COMPILER_APPICON_NAME = AppIcon;
				CODE_SIGN_STYLE = Automatic;
				INFOPLIST_FILE = GoogleBooks/Info.plist;
				LD_RUNPATH_SEARCH_PATHS = (
					"$(inherited)",
					"@executable_path/Frameworks",
				);
				PRODUCT_BUNDLE_IDENTIFIER = Cedar.GoogleBooks;
				PRODUCT_NAME = "$(TARGET_NAME)";
				SWIFT_VERSION = 5.0;
				TARGETED_DEVICE_FAMILY = "1,2";
			};
			name = Debug;
		};
		9D2CCDE82364993F00806A19 /* Release */ = {
			isa = XCBuildConfiguration;
			baseConfigurationReference = DAEBA1C8957285F07B903CC3 /* Pods-GoogleBooks.release.xcconfig */;
			buildSettings = {
				ASSETCATALOG_COMPILER_APPICON_NAME = AppIcon;
				CODE_SIGN_STYLE = Automatic;
				INFOPLIST_FILE = GoogleBooks/Info.plist;
				LD_RUNPATH_SEARCH_PATHS = (
					"$(inherited)",
					"@executable_path/Frameworks",
				);
				PRODUCT_BUNDLE_IDENTIFIER = Cedar.GoogleBooks;
				PRODUCT_NAME = "$(TARGET_NAME)";
				SWIFT_VERSION = 5.0;
				TARGETED_DEVICE_FAMILY = "1,2";
			};
			name = Release;
		};
/* End XCBuildConfiguration section */

/* Begin XCConfigurationList section */
		9D2CCDCD2364993D00806A19 /* Build configuration list for PBXProject "GoogleBooks" */ = {
			isa = XCConfigurationList;
			buildConfigurations = (
				9D2CCDE42364993F00806A19 /* Debug */,
				9D2CCDE52364993F00806A19 /* Release */,
			);
			defaultConfigurationIsVisible = 0;
			defaultConfigurationName = Release;
		};
		9D2CCDE62364993F00806A19 /* Build configuration list for PBXNativeTarget "GoogleBooks" */ = {
			isa = XCConfigurationList;
			buildConfigurations = (
				9D2CCDE72364993F00806A19 /* Debug */,
				9D2CCDE82364993F00806A19 /* Release */,
			);
			defaultConfigurationIsVisible = 0;
			defaultConfigurationName = Release;
		};
/* End XCConfigurationList section */

/* Begin XCVersionGroup section */
		9D2CCDFB2366135C00806A19 /* GoogleBooks.xcdatamodeld */ = {
			isa = XCVersionGroup;
			children = (
				9D2CCDFC2366135C00806A19 /* GoogleBooks.xcdatamodel */,
			);
			currentVersion = 9D2CCDFC2366135C00806A19 /* GoogleBooks.xcdatamodel */;
			path = GoogleBooks.xcdatamodeld;
			sourceTree = "<group>";
			versionGroupType = wrapper.xcdatamodel;
		};
/* End XCVersionGroup section */
	};
	rootObject = 9D2CCDCA2364993D00806A19 /* Project object */;
}
